
Microsoft Visual Studio Solution File, Format Version 10.00
# Visual Studio 2008
Project("{54435603-DBB4-11D2-8724-00A0C9A8B90C}") = "CALCULATER", "CALCULATER\CALCULATER.vdproj", "{9A077084-3199-4E32-81E7-718D986F626E}"
EndProject
Global
	GlobalSection(SolutionConfigurationPlatforms) = preSolution
		Debug|Default = Debug|Default
		Release|Default = Release|Default
	EndGlobalSection
	GlobalSection(ProjectConfigurationPlatforms) = postSolution
		{9A077084-3199-4E32-81E7-718D986F626E}.Debug|Default.ActiveCfg = Debug
		{9A077084-3199-4E32-81E7-718D986F626E}.Debug|Default.Build.0 = Debug
		{9A077084-3199-4E32-81E7-718D986F626E}.Release|Default.ActiveCfg = Release
		{9A077084-3199-4E32-81E7-718D986F626E}.Release|Default.Build.0 = Release
	EndGlobalSection
	GlobalSection(SolutionProperties) = preSolution
		HideSolutionNode = FALSE
	EndGlobalSection
EndGlobal
